
Microsoft Visual Studio Solution File, Format Version 12.00
# Visual Studio Version 16
VisualStudioVersion = 16.0.31105.61
MinimumVisualStudioVersion = 10.0.40219.1
Project("{FAE04EC0-301F-11D3-BF4B-00C04F79EFBC}") = "Ayubo-Programming Assignment", "Ayubo-Programming Assignment\Ayubo-Programming Assignment.csproj", "{613974FA-C01B-4033-873A-A3DCF0EBD826}"
EndProject
Global
	GlobalSection(SolutionConfigurationPlatforms) = preSolution
		Debug|Any CPU = Debug|Any CPU
		Release|Any CPU = Release|Any CPU
	EndGlobalSection
	GlobalSection(ProjectConfigurationPlatforms) = postSolution
		{613974FA-C01B-4033-873A-A3DCF0EBD826}.Debug|Any CPU.ActiveCfg = Debug|Any CPU
		{613974FA-C01B-4033-873A-A3DCF0EBD826}.Debug|Any CPU.Build.0 = Debug|Any CPU
		{613974FA-C01B-4033-873A-A3DCF0EBD826}.Release|Any CPU.ActiveCfg = Release|Any CPU
		{613974FA-C01B-4033-873A-A3DCF0EBD826}.Release|Any CPU.Build.0 = Release|Any CPU
	EndGlobalSection
	GlobalSection(SolutionProperties) = preSolution
		HideSolutionNode = FALSE
	EndGlobalSection
	GlobalSection(ExtensibilityGlobals) = postSolution
		SolutionGuid = {761BBB3E-5A1D-4059-8A67-41DC9B3AD30C}
	EndGlobalSection
EndGlobal
